version = 1
revision = 1
requires-python = ">=3.13"

[[package]]
name = "atomicwrites"
version = "1.4.1"
source = { registry = "https://pypi.org/simple" }
sdist = { url = "https://files.pythonhosted.org/packages/87/c6/53da25344e3e3a9c01095a89f16dbcda021c609ddb42dd6d7c0528236fb2/atomicwrites-1.4.1.tar.gz", hash = "sha256:81b2c9071a49367a7f770170e5eec8cb66567cfbbc8c73d20ce5ca4a8d71cf11", size = 14227 }

[[package]]
name = "attrs"
version = "25.3.0"
source = { registry = "https://pypi.org/simple" }
sdist = { url = "https://files.pythonhosted.org/packages/5a/b0/1367933a8532ee6ff8d63537de4f1177af4bff9f3e829baf7331f595bb24/attrs-25.3.0.tar.gz", hash = "sha256:75d7cefc7fb576747b2c81b4442d4d4a1ce0900973527c011d1030fd3bf4af1b", size = 812032 }
wheels = [
    { url = "https://files.pythonhosted.org/packages/77/06/bb80f5f86020c4551da315d78b3ab75e8228f89f0162f2c3a819e407941a/attrs-25.3.0-py3-none-any.whl", hash = "sha256:427318ce031701fea540783410126f03899a97ffc6f61596ad581ac2e40e3bc3", size = 63815 },
]

[[package]]
name = "bleak"
version = "1.0.1"
source = { registry = "https://pypi.org/simple" }
dependencies = [
    { name = "dbus-fast", marker = "sys_platform == 'linux'" },
    { name = "pyobjc-core", marker = "sys_platform == 'darwin'" },
    { name = "pyobjc-framework-corebluetooth", marker = "sys_platform == 'darwin'" },
    { name = "pyobjc-framework-libdispatch", marker = "sys_platform == 'darwin'" },
    { name = "winrt-runtime", marker = "sys_platform == 'win32'" },
    { name = "winrt-windows-devices-bluetooth", marker = "sys_platform == 'win32'" },
    { name = "winrt-windows-devices-bluetooth-advertisement", marker = "sys_platform == 'win32'" },
    { name = "winrt-windows-devices-bluetooth-genericattributeprofile", marker = "sys_platform == 'win32'" },
    { name = "winrt-windows-devices-enumeration", marker = "sys_platform == 'win32'" },
    { name = "winrt-windows-foundation", marker = "sys_platform == 'win32'" },
    { name = "winrt-windows-foundation-collections", marker = "sys_platform == 'win32'" },
    { name = "winrt-windows-storage-streams", marker = "sys_platform == 'win32'" },
]
sdist = { url = "https://files.pythonhosted.org/packages/d2/64/84a97528641bf917d0213bb28a1dc0ced916836edc3e342e25c4e8b1a63b/bleak-1.0.1.tar.gz", hash = "sha256:6177487c4eb08743a155e1295ff871eb2a61669b538bdbf35db45ea29cf7a41d", size = 115135 }
wheels = [
    { url = "https://files.pythonhosted.org/packages/07/97/98ba9c8f645f0bf6648b4f5bd997170b3f794d9006c20fdbfe0096c803eb/bleak-1.0.1-py3-none-any.whl", hash = "sha256:8f99bcb2fb74950466622b1f932ab661c74dcd48a3d122e95b661aa0705e5a6a", size = 135281 },
]

[[package]]
name = "colorama"
version = "0.4.6"
source = { registry = "https://pypi.org/simple" }
sdist = { url = "https://files.pythonhosted.org/packages/d8/53/6f443c9a4a8358a93a6792e2acffb9d9d5cb0a5cfd8802644b7b1c9a02e4/colorama-0.4.6.tar.gz", hash = "sha256:08695f5cb7ed6e0531a20572697297273c47b8cae5a63ffc6d6ed5c201be6e44", size = 27697 }
wheels = [
    { url = "https://files.pythonhosted.org/packages/d1/d6/3965ed04c63042e047cb6a3e6ed1a63a35087b6a609aa3a15ed8ac56c221/colorama-0.4.6-py2.py3-none-any.whl", hash = "sha256:4f1d9991f5acc0ca119f9d443620b77f9d6b33703e51011c16baf57afb285fc6", size = 25335 },
]

[[package]]
name = "cstruct"
version = "6.1"
source = { registry = "https://pypi.org/simple" }
sdist = { url = "https://files.pythonhosted.org/packages/82/c5/f799c0eadda8b30a7a93c901539322eca00419dba24a0a332c96698c763e/cstruct-6.1.tar.gz", hash = "sha256:1e7af7b52c8dd3a6ad66df7e481150e4e273ec508950b4a0051e116375b7f28a", size = 35843 }
wheels = [
    { url = "https://files.pythonhosted.org/packages/fb/94/ee3086a52244c646b74080eb1978a8916e73ef60da332846c1998ac5ecd2/cstruct-6.1-py2.py3-none-any.whl", hash = "sha256:8f607cc9ebd704c42a55d1ed54deb3af7fd4fa381e8cb3151c18ea124c4e83d1", size = 32296 },
]

[[package]]
name = "dbus-fast"
version = "2.44.1"
source = { registry = "https://pypi.org/simple" }
sdist = { url = "https://files.pythonhosted.org/packages/c2/a1/9693ec018feed2a7d3420eac6c807eabc6eb84227913104123c0d2ea5737/dbus_fast-2.44.1.tar.gz", hash = "sha256:b027e96c39ed5622bb54d811dcdbbe9d9d6edec3454808a85a1ceb1867d9e25c", size = 72424 }
wheels = [
    { url = "https://files.pythonhosted.org/packages/a5/ee/78bf56862fd6ae87998f1ef1d47849a9c5915abb4f0449a72b2c0885482b/dbus_fast-2.44.1-cp313-cp313-manylinux_2_17_aarch64.manylinux2014_aarch64.whl", hash = "sha256:89dc5db158bf9838979f732acc39e0e1ecd7e3295a09fa8adb93b09c097615a4", size = 834865 },
    { url = "https://files.pythonhosted.org/packages/1b/67/2c0ef231189ff63fa49687f8529ad6bb5afc3bbfda5ba65d9ce3e816cfb8/dbus_fast-2.44.1-cp313-cp313-manylinux_2_17_i686.manylinux_2_5_i686.manylinux1_i686.manylinux2014_i686.whl", hash = "sha256:f11878c0c089d278861e48c02db8002496c2233b0f605b5630ef61f0b7fb0ea3", size = 905859 },
    { url = "https://files.pythonhosted.org/packages/01/ef/9435eae3a658202c4342559b1dad82eb04edfa69fd803325e742c7627c6e/dbus_fast-2.44.1-cp313-cp313-manylinux_2_17_x86_64.manylinux2014_x86_64.whl", hash = "sha256:afd81f483b3ffb71e88478cfabccc1fab8d7154fccb1c661bfafcff9b0cfd996", size = 888654 },
    { url = "https://files.pythonhosted.org/packages/80/08/9e870f0c4d82f7d6c224f502e51416d9855b2580093bb21b0fc240077a93/dbus_fast-2.44.1-cp313-cp313-manylinux_2_36_x86_64.whl", hash = "sha256:ad499de96a991287232749c98a59f2436ed260f6fd9ad4cb3b04a4b1bbbef148", size = 891721 },
    { url = "https://files.pythonhosted.org/packages/53/d2/256fe23f403f8bb22d4fb67b6ad21bcc1c98e4528e2d30a4ae9851fac066/dbus_fast-2.44.1-cp313-cp313-musllinux_1_2_aarch64.whl", hash = "sha256:36c44286b11e83977cd29f9551b66b446bb6890dff04585852d975aa3a038ca2", size = 850255 },
    { url = "https://files.pythonhosted.org/packages/28/ae/5d9964738bc9a59c9bb01bb4e196c541ed3495895297355c09283934756b/dbus_fast-2.44.1-cp313-cp313-musllinux_1_2_i686.whl", hash = "sha256:89f2f6eccbb0e464b90e5a8741deb9d6a91873eeb41a8c7b963962b39eb1e0cd", size = 939093 },
    { url = "https://files.pythonhosted.org/packages/f5/3e/1c97abdf0f19ce26ac2f7f18c141495fc7459679d016475f4ad5dedef316/dbus_fast-2.44.1-cp313-cp313-musllinux_1_2_x86_64.whl", hash = "sha256:bb74a227b071e1a7c517bf3a3e4a5a0a2660620084162e74f15010075534c9d5", size = 915980 },
]

[[package]]
name = "fire"
version = "0.7.0"
source = { registry = "https://pypi.org/simple" }
dependencies = [
    { name = "termcolor" },
]
sdist = { url = "https://files.pythonhosted.org/packages/6b/b6/82c7e601d6d3c3278c40b7bd35e17e82aa227f050aa9f66cb7b7fce29471/fire-0.7.0.tar.gz", hash = "sha256:961550f07936eaf65ad1dc8360f2b2bf8408fad46abbfa4d2a3794f8d2a95cdf", size = 87189 }

[[package]]
name = "libetrv"
version = "0.1.0"
source = { virtual = "." }
dependencies = [
    { name = "bleak" },
    { name = "cstruct" },
    { name = "fire" },
    { name = "loguru" },
    { name = "pytest" },
    { name = "xxtea" },
]

[package.metadata]
requires-dist = [
    { name = "bleak", specifier = "==1.0.1" },
    { name = "cstruct", specifier = "==6.1" },
    { name = "fire", specifier = "==0.7.0" },
    { name = "loguru", specifier = "==0.5.3" },
    { name = "pytest", specifier = "==4.4.1" },
    { name = "xxtea", specifier = "==3.3.0" },
]

[[package]]
name = "loguru"
version = "0.5.3"
source = { registry = "https://pypi.org/simple" }
dependencies = [
    { name = "colorama", marker = "sys_platform == 'win32'" },
    { name = "win32-setctime", marker = "sys_platform == 'win32'" },
]
sdist = { url = "https://files.pythonhosted.org/packages/6d/25/0d65383fc7b4f4ce9505d16773b2b2a9f0f465ef00ab337d66afff47594a/loguru-0.5.3.tar.gz", hash = "sha256:b28e72ac7a98be3d28ad28570299a393dfcd32e5e3f6a353dec94675767b6319", size = 122800 }
wheels = [
    { url = "https://files.pythonhosted.org/packages/6d/48/0a7d5847e3de329f1d0134baf707b689700b53bd3066a5a8cfd94b3c9fc8/loguru-0.5.3-py3-none-any.whl", hash = "sha256:f8087ac396b5ee5f67c963b495d615ebbceac2796379599820e324419d53667c", size = 57162 },
]

[[package]]
name = "more-itertools"
version = "10.7.0"
source = { registry = "https://pypi.org/simple" }
sdist = { url = "https://files.pythonhosted.org/packages/ce/a0/834b0cebabbfc7e311f30b46c8188790a37f89fc8d756660346fe5abfd09/more_itertools-10.7.0.tar.gz", hash = "sha256:9fddd5403be01a94b204faadcff459ec3568cf110265d3c54323e1e866ad29d3", size = 127671 }
wheels = [
    { url = "https://files.pythonhosted.org/packages/2b/9f/7ba6f94fc1e9ac3d2b853fdff3035fb2fa5afbed898c4a72b8a020610594/more_itertools-10.7.0-py3-none-any.whl", hash = "sha256:d43980384673cb07d2f7d2d918c616b30c659c089ee23953f601d6609c67510e", size = 65278 },
]

[[package]]
name = "pluggy"
version = "1.6.0"
source = { registry = "https://pypi.org/simple" }
sdist = { url = "https://files.pythonhosted.org/packages/f9/e2/3e91f31a7d2b083fe6ef3fa267035b518369d9511ffab804f839851d2779/pluggy-1.6.0.tar.gz", hash = "sha256:7dcc130b76258d33b90f61b658791dede3486c3e6bfb003ee5c9bfb396dd22f3", size = 69412 }
wheels = [
    { url = "https://files.pythonhosted.org/packages/54/20/4d324d65cc6d9205fabedc306948156824eb9f0ee1633355a8f7ec5c66bf/pluggy-1.6.0-py3-none-any.whl", hash = "sha256:e920276dd6813095e9377c0bc5566d94c932c33b27a3e3945d8389c374dd4746", size = 20538 },
]

[[package]]
name = "py"
version = "1.11.0"
source = { registry = "https://pypi.org/simple" }
sdist = { url = "https://files.pythonhosted.org/packages/98/ff/fec109ceb715d2a6b4c4a85a61af3b40c723a961e8828319fbcb15b868dc/py-1.11.0.tar.gz", hash = "sha256:51c75c4126074b472f746a24399ad32f6053d1b34b68d2fa41e558e6f4a98719", size = 207796 }
wheels = [
    { url = "https://files.pythonhosted.org/packages/f6/f0/10642828a8dfb741e5f3fbaac830550a518a775c7fff6f04a007259b0548/py-1.11.0-py2.py3-none-any.whl", hash = "sha256:607c53218732647dff4acdfcd50cb62615cedf612e72d1724fb1a0cc6405b378", size = 98708 },
]

[[package]]
name = "pyobjc-core"
version = "10.3.2"
source = { registry = "https://pypi.org/simple" }
sdist = { url = "https://files.pythonhosted.org/packages/5d/07/2b3d63c0349fe4cf34d787a52a22faa156225808db2d1531fe58fabd779d/pyobjc_core-10.3.2.tar.gz", hash = "sha256:dbf1475d864ce594288ce03e94e3a98dc7f0e4639971eb1e312bdf6661c21e0e", size = 935182 }
wheels = [
    { url = "https://files.pythonhosted.org/packages/08/27/e7b8240c116cd8231ac33daaf982e36f77be33cf5448bbc568ce17371a79/pyobjc_core-10.3.2-cp313-cp313-macosx_10_13_universal2.whl", hash = "sha256:76b8b911d94501dac89821df349b1860bb770dce102a1a293f524b5b09dd9462", size = 827885 },
    { url = "https://files.pythonhosted.org/packages/de/a3/897cc31fca822a4df4ece31e4369dd9eae35bcb0b535fc9c7c21924268ba/pyobjc_core-10.3.2-cp313-cp313t-macosx_10_13_universal2.whl", hash = "sha256:8c6288fdb210b64115760a4504efbc4daffdc390d309e9318eb0e3e3b78d2828", size = 837794 },
]

[[package]]
name = "pyobjc-framework-cocoa"
version = "10.3.2"
source = { registry = "https://pypi.org/simple" }
dependencies = [
    { name = "pyobjc-core" },
]
sdist = { url = "https://files.pythonhosted.org/packages/39/41/4f09a5e9a6769b4dafb293ea597ed693cc0def0e07867ad0a42664f530b6/pyobjc_framework_cocoa-10.3.2.tar.gz", hash = "sha256:673968e5435845bef969bfe374f31a1a6dc660c98608d2b84d5cae6eafa5c39d", size = 4942530 }
wheels = [
    { url = "https://files.pythonhosted.org/packages/4e/c4/bccb4c05422170c0afccf6ebbdcc7551f7ddd03d2f7a65498d02cb179993/pyobjc_framework_Cocoa-10.3.2-cp313-cp313-macosx_10_13_universal2.whl", hash = "sha256:f1161b5713f9b9934c12649d73a6749617172e240f9431eff9e22175262fdfda", size = 381878 },
    { url = "https://files.pythonhosted.org/packages/25/ec/68657a633512edb84ecb1ff47a067a81028d6f027aa923e806400d2f8a26/pyobjc_framework_Cocoa-10.3.2-cp313-cp313t-macosx_10_13_universal2.whl", hash = "sha256:08e48b9ee4eb393447b2b781d16663b954bd10a26927df74f92e924c05568d89", size = 384925 },
]

[[package]]
name = "pyobjc-framework-corebluetooth"
version = "10.3.2"
source = { registry = "https://pypi.org/simple" }
dependencies = [
    { name = "pyobjc-core" },
    { name = "pyobjc-framework-cocoa" },
]
sdist = { url = "https://files.pythonhosted.org/packages/13/ca/35d205c3e153e7bc59a417560a45e27a2410439e6f78390f97c1a996c922/pyobjc_framework_corebluetooth-10.3.2.tar.gz", hash = "sha256:c0a077bc3a2466271efa382c1e024630bc43cc6f9ab8f3f97431ad08b1ad52bb", size = 50622 }
wheels = [
    { url = "https://files.pythonhosted.org/packages/b8/74/9bfaa9af79d9ff51489c796775fe5715d67adae06b612f3ee776017bb24b/pyobjc_framework_CoreBluetooth-10.3.2-cp313-cp313t-macosx_10_13_universal2.whl", hash = "sha256:af3e2f935a6a7e5b009b4cf63c64899592a7b46c3ddcbc8f2e28848842ef65f4", size = 14095 },
    { url = "https://files.pythonhosted.org/packages/f7/b0/9006d9d6cc5780fc190629ff42d8825fe7737dbe2077fbaae38813f0242e/pyobjc_framework_CoreBluetooth-10.3.2-cp36-abi3-macosx_10_13_universal2.whl", hash = "sha256:973b78f47c7e2209a475e60bcc7d1b4a87be6645d39b4e8290ee82640e1cc364", size = 13891 },
    { url = "https://files.pythonhosted.org/packages/02/dd/b415258a86495c23962005bab11604562828dd183a009d04a82bc1f3a816/pyobjc_framework_CoreBluetooth-10.3.2-cp36-abi3-macosx_10_9_universal2.whl", hash = "sha256:4bafdf1be15eae48a4878dbbf1bf19877ce28cbbba5baa0267a9564719ee736e", size = 13843 },
    { url = "https://files.pythonhosted.org/packages/c4/7d/d8a340f3ca0862969a02c6fe053902388e45966040b41d7e023b9dcf97c8/pyobjc_framework_CoreBluetooth-10.3.2-cp36-abi3-macosx_10_9_x86_64.whl", hash = "sha256:4d7dc7494de66c850bda7b173579df7481dc97046fa229d480fe9bf90b2b9651", size = 10082 },
    { url = "https://files.pythonhosted.org/packages/e9/10/d9554ce442269a3c25d9bed9d8a5ffdc1fb5ab71b74bc52749a5f26a96c7/pyobjc_framework_CoreBluetooth-10.3.2-cp36-abi3-macosx_11_0_universal2.whl", hash = "sha256:62e09e730f4d98384f1b6d44718812195602b3c82d5c78e09f60e8a934e7b266", size = 13815 },
]

[[package]]
name = "pyobjc-framework-libdispatch"
version = "10.3.2"
source = { registry = "https://pypi.org/simple" }
dependencies = [
    { name = "pyobjc-core" },
    { name = "pyobjc-framework-cocoa" },
]
sdist = { url = "https://files.pythonhosted.org/packages/4d/12/a908f3f94952c8c9e3d6e6bd425613a79692e7d400557ede047992439edc/pyobjc_framework_libdispatch-10.3.2.tar.gz", hash = "sha256:e9f4311fbf8df602852557a98d2a64f37a9d363acf4d75634120251bbc7b7304", size = 45132 }
wheels = [
    { url = "https://files.pythonhosted.org/packages/86/cc/ff00f7d2e1774e8bbab4da59793f094bdf97c9f0d178f6ace29a89413082/pyobjc_framework_libdispatch-10.3.2-cp313-cp313-macosx_10_13_universal2.whl", hash = "sha256:1357729d5fded08fbf746834ebeef27bee07d6acb991f3b8366e8f4319d882c4", size = 15576 },
    { url = "https://files.pythonhosted.org/packages/6b/27/530cd12bdc16938a85436ac5a81dccd85b35bac5e42144e623b69b052b76/pyobjc_framework_libdispatch-10.3.2-cp313-cp313t-macosx_10_13_universal2.whl", hash = "sha256:210398f9e1815ceeff49b578bf51c2d6a4a30d4c33f573da322f3d7da1add121", size = 15854 },
]

[[package]]
name = "pytest"
version = "4.4.1"
source = { registry = "https://pypi.org/simple" }
dependencies = [
    { name = "atomicwrites" },
    { name = "attrs" },
    { name = "colorama", marker = "sys_platform == 'win32'" },
    { name = "more-itertools" },
    { name = "pluggy" },
    { name = "py" },
    { name = "setuptools" },
    { name = "six" },
]
sdist = { url = "https://files.pythonhosted.org/packages/2b/b1/c9a84f79fc3bad226a9085289da11ecdd9bd2779a2c654195962b37d4110/pytest-4.4.1.tar.gz", hash = "sha256:b7802283b70ca24d7119b32915efa7c409982f59913c1a6c0640aacf118b95f5", size = 931385 }
wheels = [
    { url = "https://files.pythonhosted.org/packages/5d/c3/54f607bc9817fd284073ac68e99123f86616f431f9d29a855474b7cf00eb/pytest-4.4.1-py2.py3-none-any.whl", hash = "sha256:3773f4c235918987d51daf1db66d51c99fac654c81d6f2f709a046ab446d5e5d", size = 223885 },
]

[[package]]
name = "setuptools"
version = "80.9.0"
source = { registry = "https://pypi.org/simple" }
sdist = { url = "https://files.pythonhosted.org/packages/18/5d/3bf57dcd21979b887f014ea83c24ae194cfcd12b9e0fda66b957c69d1fca/setuptools-80.9.0.tar.gz", hash = "sha256:f36b47402ecde768dbfafc46e8e4207b4360c654f1f3bb84475f0a28628fb19c", size = 1319958 }
wheels = [
    { url = "https://files.pythonhosted.org/packages/a3/dc/17031897dae0efacfea57dfd3a82fdd2a2aeb58e0ff71b77b87e44edc772/setuptools-80.9.0-py3-none-any.whl", hash = "sha256:062d34222ad13e0cc312a4c02d73f059e86a4acbfbdea8f8f76b28c99f306922", size = 1201486 },
]

[[package]]
name = "six"
version = "1.17.0"
source = { registry = "https://pypi.org/simple" }
sdist = { url = "https://files.pythonhosted.org/packages/94/e7/b2c673351809dca68a0e064b6af791aa332cf192da575fd474ed7d6f16a2/six-1.17.0.tar.gz", hash = "sha256:ff70335d468e7eb6ec65b95b99d3a2836546063f63acc5171de367e834932a81", size = 34031 }
wheels = [
    { url = "https://files.pythonhosted.org/packages/b7/ce/149a00dd41f10bc29e5921b496af8b574d8413afcd5e30dfa0ed46c2cc5e/six-1.17.0-py2.py3-none-any.whl", hash = "sha256:4721f391ed90541fddacab5acf947aa0d3dc7d27b2e1e8eda2be8970586c3274", size = 11050 },
]

[[package]]
name = "termcolor"
version = "3.1.0"
source = { registry = "https://pypi.org/simple" }
sdist = { url = "https://files.pythonhosted.org/packages/ca/6c/3d75c196ac07ac8749600b60b03f4f6094d54e132c4d94ebac6ee0e0add0/termcolor-3.1.0.tar.gz", hash = "sha256:6a6dd7fbee581909eeec6a756cff1d7f7c376063b14e4a298dc4980309e55970", size = 14324 }
wheels = [
    { url = "https://files.pythonhosted.org/packages/4f/bd/de8d508070629b6d84a30d01d57e4a65c69aa7f5abe7560b8fad3b50ea59/termcolor-3.1.0-py3-none-any.whl", hash = "sha256:591dd26b5c2ce03b9e43f391264626557873ce1d379019786f99b0c2bee140aa", size = 7684 },
]

[[package]]
name = "typing-extensions"
version = "4.14.1"
source = { registry = "https://pypi.org/simple" }
sdist = { url = "https://files.pythonhosted.org/packages/98/5a/da40306b885cc8c09109dc2e1abd358d5684b1425678151cdaed4731c822/typing_extensions-4.14.1.tar.gz", hash = "sha256:38b39f4aeeab64884ce9f74c94263ef78f3c22467c8724005483154c26648d36", size = 107673 }
wheels = [
    { url = "https://files.pythonhosted.org/packages/b5/00/d631e67a838026495268c2f6884f3711a15a9a2a96cd244fdaea53b823fb/typing_extensions-4.14.1-py3-none-any.whl", hash = "sha256:d1e1e3b58374dc93031d6eda2420a48ea44a36c2b4766a4fdeb3710755731d76", size = 43906 },
]

[[package]]
name = "win32-setctime"
version = "1.2.0"
source = { registry = "https://pypi.org/simple" }
sdist = { url = "https://files.pythonhosted.org/packages/b3/8f/705086c9d734d3b663af0e9bb3d4de6578d08f46b1b101c2442fd9aecaa2/win32_setctime-1.2.0.tar.gz", hash = "sha256:ae1fdf948f5640aae05c511ade119313fb6a30d7eabe25fef9764dca5873c4c0", size = 4867 }
wheels = [
    { url = "https://files.pythonhosted.org/packages/e1/07/c6fe3ad3e685340704d314d765b7912993bcb8dc198f0e7a89382d37974b/win32_setctime-1.2.0-py3-none-any.whl", hash = "sha256:95d644c4e708aba81dc3704a116d8cbc974d70b3bdb8be1d150e36be6e9d1390", size = 4083 },
]

[[package]]
name = "winrt-runtime"
version = "3.2.1"
source = { registry = "https://pypi.org/simple" }
dependencies = [
    { name = "typing-extensions" },
]
sdist = { url = "https://files.pythonhosted.org/packages/16/dd/acdd527c1d890c8f852cc2af644aa6c160974e66631289420aa871b05e65/winrt_runtime-3.2.1.tar.gz", hash = "sha256:c8dca19e12b234ae6c3dadf1a4d0761b51e708457492c13beb666556958801ea", size = 21721 }
wheels = [
    { url = "https://files.pythonhosted.org/packages/79/d4/1a555d8bdcb8b920f8e896232c82901cc0cda6d3e4f92842199ae7dff70a/winrt_runtime-3.2.1-cp313-cp313-win32.whl", hash = "sha256:44e2733bc709b76c554aee6c7fe079443b8306b2e661e82eecfebe8b9d71e4d1", size = 210022 },
    { url = "https://files.pythonhosted.org/packages/aa/24/2b6e536ca7745d788dfd17a2ec376fa03a8c7116dc638bb39b035635484f/winrt_runtime-3.2.1-cp313-cp313-win_amd64.whl", hash = "sha256:3c1fdcaeedeb2920dc3b9039db64089a6093cad2be56a3e64acc938849245a6d", size = 241349 },
    { url = "https://files.pythonhosted.org/packages/d4/7f/6d72973279e2929b2a71ed94198ad4a5d63ee2936e91a11860bf7b431410/winrt_runtime-3.2.1-cp313-cp313-win_arm64.whl", hash = "sha256:28f3dab083412625ff4d2b46e81246932e6bebddf67bea7f05e01712f54e6159", size = 415126 },
]

[[package]]
name = "winrt-windows-devices-bluetooth"
version = "3.2.1"
source = { registry = "https://pypi.org/simple" }
dependencies = [
    { name = "winrt-runtime" },
]
sdist = { url = "https://files.pythonhosted.org/packages/b2/a0/1c8a0c469abba7112265c6cb52f0090d08a67c103639aee71fc690e614b8/winrt_windows_devices_bluetooth-3.2.1.tar.gz", hash = "sha256:db496d2d92742006d5a052468fc355bf7bb49e795341d695c374746113d74505", size = 23732 }
wheels = [
    { url = "https://files.pythonhosted.org/packages/d4/cc/797516c5c0f8d7f5b680862e0ed7c1087c58aec0bcf57a417fa90f7eb983/winrt_windows_devices_bluetooth-3.2.1-cp313-cp313-win32.whl", hash = "sha256:12b0a16fb36ce0b42243ca81f22a6b53fbb344ed7ea07a6eeec294604f0505e4", size = 105757 },
    { url = "https://files.pythonhosted.org/packages/05/6d/f60588846a065e69a2ec5e67c5f85eb45cb7edef2ee8974cd52fa8504de6/winrt_windows_devices_bluetooth-3.2.1-cp313-cp313-win_amd64.whl", hash = "sha256:6703dfbe444ee22426738830fb305c96a728ea9ccce905acfdf811d81045fdb3", size = 113363 },
    { url = "https://files.pythonhosted.org/packages/2c/13/2d3c4762018b26a9f66879676ea15d7551cdbf339c8e8e0c56ea05ea31ef/winrt_windows_devices_bluetooth-3.2.1-cp313-cp313-win_arm64.whl", hash = "sha256:2cf8a0bfc9103e32dc7237af15f84be06c791f37711984abdca761f6318bbdb2", size = 104722 },
]

[[package]]
name = "winrt-windows-devices-bluetooth-advertisement"
version = "3.2.1"
source = { registry = "https://pypi.org/simple" }
dependencies = [
    { name = "winrt-runtime" },
]
sdist = { url = "https://files.pythonhosted.org/packages/06/fc/7ffe66ca4109b9e994b27c00f3d2d506e6e549e268791f755287ad9106d8/winrt_windows_devices_bluetooth_advertisement-3.2.1.tar.gz", hash = "sha256:0223852a7b7fa5c8dea3c6a93473bd783df4439b1ed938d9871f947933e574cc", size = 16906 }
wheels = [
    { url = "https://files.pythonhosted.org/packages/34/01/8fc8e57605ea08dd0723c035ed0c2d0435dace2bc80a66d33aecfea49a56/winrt_windows_devices_bluetooth_advertisement-3.2.1-cp313-cp313-win32.whl", hash = "sha256:4122348ea525a914e85615647a0b54ae8b2f42f92cdbf89c5a12eea53ef6ed90", size = 90037 },
    { url = "https://files.pythonhosted.org/packages/86/83/503cf815d84c5ba8c8bc61480f32e55579ebf76630163405f7df39aa297b/winrt_windows_devices_bluetooth_advertisement-3.2.1-cp313-cp313-win_amd64.whl", hash = "sha256:b66410c04b8dae634a7e4b615c3b7f8adda9c7d4d6902bcad5b253da1a684943", size = 95822 },
    { url = "https://files.pythonhosted.org/packages/32/13/052be8b6642e6f509b30c194312b37bfee8b6b60ac3bd5ca2968c3ea5b80/winrt_windows_devices_bluetooth_advertisement-3.2.1-cp313-cp313-win_arm64.whl", hash = "sha256:07af19b1d252ddb9dd3eb2965118bc2b7cabff4dda6e499341b765e5038ca61d", size = 89326 },
]

[[package]]
name = "winrt-windows-devices-bluetooth-genericattributeprofile"
version = "3.2.1"
source = { registry = "https://pypi.org/simple" }
dependencies = [
    { name = "winrt-runtime" },
]
sdist = { url = "https://files.pythonhosted.org/packages/44/21/aeeddc0eccdfbd25e543360b5cc093233e2eab3cdfb53ad3cabae1b5d04d/winrt_windows_devices_bluetooth_genericattributeprofile-3.2.1.tar.gz", hash = "sha256:cdf6ddc375e9150d040aca67f5a17c41ceaf13a63f3668f96608bc1d045dde71", size = 38896 }
wheels = [
    { url = "https://files.pythonhosted.org/packages/ec/93/30b45ce473d1a604908221a1fa035fe8d5e4bb9008e820ae671a21dab94c/winrt_windows_devices_bluetooth_genericattributeprofile-3.2.1-cp313-cp313-win32.whl", hash = "sha256:b1879c8dcf46bd2110b9ad4b0b185f4e2a5f95170d014539203a5fee2b2115f0", size = 183342 },
    { url = "https://files.pythonhosted.org/packages/5b/3b/eb9d99b82a36002d7885206d00ea34f4a23db69c16c94816434ded728fa3/winrt_windows_devices_bluetooth_genericattributeprofile-3.2.1-cp313-cp313-win_amd64.whl", hash = "sha256:8d8d89f01e9b6931fb48217847caac3227a0aeb38a5b7782af71c2e7b262ec30", size = 187844 },
    { url = "https://files.pythonhosted.org/packages/84/9b/ebbbe9be9a3e640dcfc5f166eb48f2f9d8ce42553f83aa9f4c5dcd9eb5f5/winrt_windows_devices_bluetooth_genericattributeprofile-3.2.1-cp313-cp313-win_arm64.whl", hash = "sha256:4e71207bb89798016b1795bb15daf78afe45529f2939b3b9e78894cfe650b383", size = 184540 },
]

[[package]]
name = "winrt-windows-devices-enumeration"
version = "3.2.1"
source = { registry = "https://pypi.org/simple" }
dependencies = [
    { name = "winrt-runtime" },
]
sdist = { url = "https://files.pythonhosted.org/packages/9e/dd/75835bfbd063dffa152109727dedbd80f6e92ea284855f7855d48cdf31c9/winrt_windows_devices_enumeration-3.2.1.tar.gz", hash = "sha256:df316899e39bfc0ffc1f3cb0f5ee54d04e1d167fbbcc1484d2d5121449a935cf", size = 23538 }
wheels = [
    { url = "https://files.pythonhosted.org/packages/ff/7d/ebd712ab8ccd599c593796fbcd606abe22b5a8e20db134aa87987d67ac0e/winrt_windows_devices_enumeration-3.2.1-cp313-cp313-win32.whl", hash = "sha256:14a71cdcc84f624c209cbb846ed6bd9767a9a9437b2bf26b48ac9a91599da6e9", size = 130276 },
    { url = "https://files.pythonhosted.org/packages/70/de/f30daaaa0e6f4edb6bd7ddb3e058bd453c9ad90c032a4545c4d4639338aa/winrt_windows_devices_enumeration-3.2.1-cp313-cp313-win_amd64.whl", hash = "sha256:6ca40d334734829e178ad46375275c4f7b5d6d2d4fc2e8879690452cbfb36015", size = 141536 },
    { url = "https://files.pythonhosted.org/packages/75/4b/9a6aafdc74a085c550641a325be463bf4b811f6f605766c9cd4f4b5c19d2/winrt_windows_devices_enumeration-3.2.1-cp313-cp313-win_arm64.whl", hash = "sha256:2d14d187f43e4409c7814b7d1693c03a270e77489b710d92fcbbaeca5de260d4", size = 135362 },
]

[[package]]
name = "winrt-windows-foundation"
version = "3.2.1"
source = { registry = "https://pypi.org/simple" }
dependencies = [
    { name = "winrt-runtime" },
]
sdist = { url = "https://files.pythonhosted.org/packages/0c/55/098ce7ea0679efcc1298b269c48768f010b6c68f90c588f654ec874c8a74/winrt_windows_foundation-3.2.1.tar.gz", hash = "sha256:ad2f1fcaa6c34672df45527d7c533731fdf65b67c4638c2b4aca949f6eec0656", size = 30485 }
wheels = [
    { url = "https://files.pythonhosted.org/packages/7b/71/5e87131e4aecc8546c76b9e190bfe4e1292d028bda3f9dd03b005d19c76c/winrt_windows_foundation-3.2.1-cp313-cp313-win32.whl", hash = "sha256:3998dc58ed50ecbdbabace1cdef3a12920b725e32a5806d648ad3f4829d5ba46", size = 112184 },
    { url = "https://files.pythonhosted.org/packages/ba/7f/8d5108461351d4f6017f550af8874e90c14007f9122fa2eab9f9e0e9b4e1/winrt_windows_foundation-3.2.1-cp313-cp313-win_amd64.whl", hash = "sha256:6e98617c1e46665c7a56ce3f5d28e252798416d1ebfee3201267a644a4e3c479", size = 118672 },
    { url = "https://files.pythonhosted.org/packages/44/f5/2edf70922a3d03500dab17121b90d368979bd30016f6dbca0d043f0c71f1/winrt_windows_foundation-3.2.1-cp313-cp313-win_arm64.whl", hash = "sha256:2a8c1204db5c352f6a563130a5a41d25b887aff7897bb677d4ff0b660315aad4", size = 109673 },
]

[[package]]
name = "winrt-windows-foundation-collections"
version = "3.2.1"
source = { registry = "https://pypi.org/simple" }
dependencies = [
    { name = "winrt-runtime" },
]
sdist = { url = "https://files.pythonhosted.org/packages/ef/62/d21e3f1eeb8d47077887bbf0c3882c49277a84d8f98f7c12bda64d498a07/winrt_windows_foundation_collections-3.2.1.tar.gz", hash = "sha256:0eff1ad0d8d763ad17e9e7bbd0c26a62b27215016393c05b09b046d6503ae6d5", size = 16043 }
wheels = [
    { url = "https://files.pythonhosted.org/packages/a6/cd/99ef050d80bea2922fa1ded93e5c250732634095d8bd3595dd808083e5ca/winrt_windows_foundation_collections-3.2.1-cp313-cp313-win32.whl", hash = "sha256:4267a711b63476d36d39227883aeb3fb19ac92b88a9fc9973e66fbce1fd4aed9", size = 60063 },
    { url = "https://files.pythonhosted.org/packages/94/93/4f75fd6a4c96f1e9bee198c5dc9a9b57e87a9c38117e1b5e423401886353/winrt_windows_foundation_collections-3.2.1-cp313-cp313-win_amd64.whl", hash = "sha256:5e12a6e75036ee90484c33e204b85fb6785fcc9e7c8066ad65097301f48cdd10", size = 69057 },
    { url = "https://files.pythonhosted.org/packages/40/76/de47ccc390017ec5575e7e7fd9f659ee3747c52049cdb2969b1b538ce947/winrt_windows_foundation_collections-3.2.1-cp313-cp313-win_arm64.whl", hash = "sha256:34b556255562f1b36d07fba933c2bcd9f0db167fa96727a6cbb4717b152ad7a2", size = 58792 },
]

[[package]]
name = "winrt-windows-storage-streams"
version = "3.2.1"
source = { registry = "https://pypi.org/simple" }
dependencies = [
    { name = "winrt-runtime" },
]
sdist = { url = "https://files.pythonhosted.org/packages/00/50/f4488b07281566e3850fcae1021f0285c9653992f60a915e15567047db63/winrt_windows_storage_streams-3.2.1.tar.gz", hash = "sha256:476f522722751eb0b571bc7802d85a82a3cae8b1cce66061e6e758f525e7b80f", size = 34335 }
wheels = [
    { url = "https://files.pythonhosted.org/packages/d9/d2/24d9f59bdc05e741261d5bec3bcea9a848d57714126a263df840e2b515a8/winrt_windows_storage_streams-3.2.1-cp313-cp313-win32.whl", hash = "sha256:401bb44371720dc43bd1e78662615a2124372e7d5d9d65dfa8f77877bbcb8163", size = 127774 },
    { url = "https://files.pythonhosted.org/packages/15/59/601724453b885265c7779d5f8025b043a68447cbc64ceb9149d674d5b724/winrt_windows_storage_streams-3.2.1-cp313-cp313-win_amd64.whl", hash = "sha256:202c5875606398b8bfaa2a290831458bb55f2196a39c1d4e5fa88a03d65ef915", size = 131827 },
    { url = "https://files.pythonhosted.org/packages/fb/c2/a419675a6087c9ea496968c9b7805ef234afa585b7483e2269608a12b044/winrt_windows_storage_streams-3.2.1-cp313-cp313-win_arm64.whl", hash = "sha256:ca3c5ec0aab60895006bf61053a1aca6418bc7f9a27a34791ba3443b789d230d", size = 128180 },
]

[[package]]
name = "xxtea"
version = "3.3.0"
source = { registry = "https://pypi.org/simple" }
sdist = { url = "https://files.pythonhosted.org/packages/09/c7/30860d14b1c5f7885e49c5be8652599efe2f12f59b45b4302a103aab27b2/xxtea-3.3.0.tar.gz", hash = "sha256:e437420bdf40b9317d69d88ed83e6e70d581cd7555d16a6e74ecaffc1d6efc3f", size = 13001 }
wheels = [
    { url = "https://files.pythonhosted.org/packages/f0/3a/ee69a32372026246543b52a233b1a376048820e4ef204a518193726e72fa/xxtea-3.3.0-cp313-cp313-macosx_10_13_x86_64.whl", hash = "sha256:a87ccad77ac1e915e6951e2ca7c1fa2a9842a97a5e0d60dbab76969c6195adaf", size = 8880 },
    { url = "https://files.pythonhosted.org/packages/4b/30/caa6f602810221ac893c1b50d6c648965049a34a4d20f713bcef0068703a/xxtea-3.3.0-cp313-cp313-macosx_11_0_arm64.whl", hash = "sha256:fbdaa562979581fe0d1e77b6243e53f2664fc38d8eddce693841a5d2697fdb4f", size = 9297 },
    { url = "https://files.pythonhosted.org/packages/f5/d2/9a3d34ca6668def34d7f9741a7a7d5048892efc297c295e684ea73178980/xxtea-3.3.0-cp313-cp313-manylinux_2_17_aarch64.manylinux2014_aarch64.whl", hash = "sha256:fd13f912b7a87caa39888a80490b6f38894922f9095a3fa963d2b16cfe0ebf70", size = 23700 },
    { url = "https://files.pythonhosted.org/packages/a7/91/19dac819929c29fccc85772f75e32ee7a88e0a2b244218922952aa862a14/xxtea-3.3.0-cp313-cp313-manylinux_2_17_ppc64le.manylinux2014_ppc64le.whl", hash = "sha256:aad5d27ed1f8cf71d1c2a3b16705928469f6632ad342ae265d51e5b571e244b2", size = 25374 },
    { url = "https://files.pythonhosted.org/packages/b6/6b/e77bb82e8f98db322d8360ccd27ff9532f8602470cfc76290aa554424d30/xxtea-3.3.0-cp313-cp313-manylinux_2_17_s390x.manylinux2014_s390x.whl", hash = "sha256:73a596703a57ddbdf255b65432fa7e2754b57c42211a0bd0fe8bccbfd4fc5f71", size = 22774 },
    { url = "https://files.pythonhosted.org/packages/97/67/3e139b73665998f8c9e3cdd3753f1f9695908c5e8d691c8948fcb03cf272/xxtea-3.3.0-cp313-cp313-manylinux_2_5_i686.manylinux1_i686.manylinux_2_17_i686.manylinux2014_i686.whl", hash = "sha256:0d45db286c9dfee43caa2a1e0f86870980098fabce9e2ddde72f7c8003b72011", size = 22951 },
    { url = "https://files.pythonhosted.org/packages/e0/7f/cef0796e0801d4da95b88a18c97ae862ca4bf01d3d38fabf82ba06ac9b91/xxtea-3.3.0-cp313-cp313-manylinux_2_5_x86_64.manylinux1_x86_64.manylinux_2_17_x86_64.manylinux2014_x86_64.whl", hash = "sha256:d468c2f34a8610ed55c85ccdf988794aa1f41f12562d171f02085cd65e46e4ac", size = 23489 },
    { url = "https://files.pythonhosted.org/packages/88/59/8dff7c885928df2ddb4e630aca8a69db42ce3a6fca08607d6d74dd36c56e/xxtea-3.3.0-cp313-cp313-musllinux_1_2_aarch64.whl", hash = "sha256:02af8b418f656c57c677823e1bbe6a7f6840604e2063fc9b05fbedffdedb68bd", size = 23596 },
    { url = "https://files.pythonhosted.org/packages/fb/2a/128b24bec7aa539de3587679ecad87055824e7ed1da3c04834f9e4ebabb4/xxtea-3.3.0-cp313-cp313-musllinux_1_2_i686.whl", hash = "sha256:0513921f5d6b4d78e5020e010a7046f85b769ff7a3ce5fef4e2f1d3747ff0e01", size = 23528 },
    { url = "https://files.pythonhosted.org/packages/31/74/17b0852dbef0329f4719c47f42780972fe70ba2d5e8e7fec999c1a543c9f/xxtea-3.3.0-cp313-cp313-musllinux_1_2_ppc64le.whl", hash = "sha256:2d0d38ef30f572cb90dddd3b7a5b6c1922b96149bbb03e1b0076dbbb70086837", size = 25011 },
    { url = "https://files.pythonhosted.org/packages/81/42/736126a458a2633cef0145ef00d22586f4890c9431fbf41a39984fd0f135/xxtea-3.3.0-cp313-cp313-musllinux_1_2_s390x.whl", hash = "sha256:420075d9bd090cf247b13a6992ff6e0538d4e60baf4b88dbd44a4e17bbe6fd8e", size = 23640 },
    { url = "https://files.pythonhosted.org/packages/54/f4/69e10d419f31776f5624f1476d37d16acf81498d64104a06863e07fdb7aa/xxtea-3.3.0-cp313-cp313-musllinux_1_2_x86_64.whl", hash = "sha256:555b2ee7982e1ec23e00da603933406aa1bce0496336946cb755f5cb35beeb1f", size = 23702 },
    { url = "https://files.pythonhosted.org/packages/6f/ba/c16f468ac573eb4c4b561c491fb7a389aa2e291fa898091caa236a73cb2b/xxtea-3.3.0-cp313-cp313-win32.whl", hash = "sha256:c55ae4331f05f2154f9d328f7fb325c7b22a106c3f9bd1917dff0b1b6c24135f", size = 10711 },
    { url = "https://files.pythonhosted.org/packages/45/15/98b665da5088ce1387318afe958658e5f3d108f601cc14fa278cb96688eb/xxtea-3.3.0-cp313-cp313-win_amd64.whl", hash = "sha256:fdd17f3d1d31158d3164cb741846afe8b59e59e8d42533af705a679ff26e76e2", size = 11645 },
    { url = "https://files.pythonhosted.org/packages/59/e2/74eb3c30725e38d8065d5aee891a30235d360c1d15896a48aedc50af27f8/xxtea-3.3.0-cp313-cp313-win_arm64.whl", hash = "sha256:fbe2c9d5c09b0d543a846ddafdf4dce6bc90678f1486995bf1b253155c2bad9a", size = 10171 },
]
